<?xml version="1.0" encoding="utf-8"?>
<Project ToolsVersion="4.0" xmlns="http://schemas.microsoft.com/developer/msbuild/2003">
  <ItemGroup>
    <Filter Include="cpp">
      <UniqueIdentifier>{c7516995-47fa-4c18-9017-f3f268646d3b}</UniqueIdentifier>
    </Filter>
    <Filter Include="header">
      <UniqueIdentifier>{aa2323c0-ff04-4bb1-b596-971ba2863832}</UniqueIdentifier>
    </Filter>
  </ItemGroup>
  <ItemGroup>
    <ClCompile Include="Main.cpp">
      <Filter>cpp</Filter>
    </ClCompile>
    <ClCompile Include="Ball.cpp">
      <Filter>cpp</Filter>
    </ClCompile>
    <ClCompile Include="Function.cpp">
      <Filter>cpp</Filter>
    </ClCompile>
    <ClCompile Include="Brick.cpp">
      <Filter>cpp</Filter>
    </ClCompile>
    <ClCompile Include="Entity.cpp">
      <Filter>cpp</Filter>
    </ClCompile>
    <ClCompile Include="Canon.cpp">
      <Filter>cpp</Filter>
    </ClCompile>
    <ClCompile Include="GameBorder.cpp">
      <Filter>cpp</Filter>
    </ClCompile>
    <ClCompile Include="LifeBrick.cpp" />
  </ItemGroup>
  <ItemGroup>
    <ClInclude Include="Ball.h">
      <Filter>header</Filter>
    </ClInclude>
    <ClInclude Include="Function.h">
      <Filter>header</Filter>
    </ClInclude>
    <ClInclude Include="Global.h">
      <Filter>header</Filter>
    </ClInclude>
    <ClInclude Include="Brick.h">
      <Filter>header</Filter>
    </ClInclude>
    <ClInclude Include="Entity.h">
      <Filter>header</Filter>
    </ClInclude>
    <ClInclude Include="Canon.h">
      <Filter>header</Filter>
    </ClInclude>
    <ClInclude Include="GameBorder.h">
      <Filter>header</Filter>
    </ClInclude>
    <ClInclude Include="LifeBrick.h" />
  </ItemGroup>
</Project>