<?xml version="1.0" encoding="utf-8"?>
<Project ToolsVersion="4.0" xmlns="http://schemas.microsoft.com/developer/msbuild/2003">
  <ItemGroup>
    <Filter Include="cpp">
      <UniqueIdentifier>{c7516995-47fa-4c18-9017-f3f268646d3b}</UniqueIdentifier>
    </Filter>
    <Filter Include="header">
      <UniqueIdentifier>{aa2323c0-ff04-4bb1-b596-971ba2863832}</UniqueIdentifier>
    </Filter>
    <Filter Include="cpp\Class">
      <UniqueIdentifier>{fd496728-ac44-4b19-9b54-de00c5b52506}</UniqueIdentifier>
    </Filter>
    <Filter Include="header\Class">
      <UniqueIdentifier>{2d1dccbc-68a9-489b-8486-785e9b9b5b66}</UniqueIdentifier>
    </Filter>
    <Filter Include="cpp\Class\Bricks">
      <UniqueIdentifier>{8b75f45b-294e-45f6-ab0b-0b50f5dd89fc}</UniqueIdentifier>
    </Filter>
    <Filter Include="header\Class\Bricks">
      <UniqueIdentifier>{a4119f06-405e-4afa-ab13-6523558184f9}</UniqueIdentifier>
    </Filter>
  </ItemGroup>
  <ItemGroup>
    <ClCompile Include="Main.cpp">
      <Filter>cpp</Filter>
    </ClCompile>
    <ClCompile Include="GameBorder.cpp">
      <Filter>cpp\Class</Filter>
    </ClCompile>
    <ClCompile Include="Ball.cpp">
      <Filter>cpp\Class</Filter>
    </ClCompile>
    <ClCompile Include="Canon.cpp">
      <Filter>cpp\Class</Filter>
    </ClCompile>
    <ClCompile Include="Entity.cpp">
      <Filter>cpp\Class</Filter>
    </ClCompile>
    <ClCompile Include="Brick.cpp">
      <Filter>cpp\Class\Bricks</Filter>
    </ClCompile>
    <ClCompile Include="LifeBrick.cpp">
      <Filter>cpp\Class\Bricks</Filter>
    </ClCompile>
    <ClCompile Include="RegenBrick.cpp">
      <Filter>cpp\Class\Bricks</Filter>
    </ClCompile>
    <ClCompile Include="Function.cpp">
      <Filter>cpp</Filter>
    </ClCompile>
    <ClCompile Include="ShapeEntity.cpp">
      <Filter>cpp\Class</Filter>
    </ClCompile>
    <ClCompile Include="SpriteEntity.cpp">
      <Filter>cpp\Class</Filter>
    </ClCompile>
    <ClCompile Include="ExplosiveBrick.cpp">
      <Filter>cpp\Class\Bricks</Filter>
    </ClCompile>
    <ClCompile Include="ParticleEmitter.cpp" />
    <ClCompile Include="Particle.cpp" />
    <ClCompile Include="ParticleSimple.cpp" />
    <ClCompile Include="ParticleComplex.cpp" />
    <ClCompile Include="NomMarrantTableauUneDimension.cpp" />
    <ClCompile Include="GameManager.cpp" />
    <ClCompile Include="SoundManager.cpp" />
    <ClCompile Include="ScorePanel.cpp" />
    <ClCompile Include="UIManager.cpp" />
    <ClCompile Include="RessourceManager.cpp" />
    <ClCompile Include="BrickABall.cpp" />
  </ItemGroup>
  <ItemGroup>
    <ClInclude Include="Function.h">
      <Filter>header</Filter>
    </ClInclude>
    <ClInclude Include="Ball.h">
      <Filter>header\Class</Filter>
    </ClInclude>
    <ClInclude Include="Canon.h">
      <Filter>header\Class</Filter>
    </ClInclude>
    <ClInclude Include="Entity.h">
      <Filter>header\Class</Filter>
    </ClInclude>
    <ClInclude Include="GameBorder.h">
      <Filter>header\Class</Filter>
    </ClInclude>
    <ClInclude Include="Brick.h">
      <Filter>header\Class\Bricks</Filter>
    </ClInclude>
    <ClInclude Include="LifeBrick.h">
      <Filter>header\Class\Bricks</Filter>
    </ClInclude>
    <ClInclude Include="RegenBrick.h">
      <Filter>header\Class\Bricks</Filter>
    </ClInclude>
    <ClInclude Include="ShapeEntity.h">
      <Filter>header\Class</Filter>
    </ClInclude>
    <ClInclude Include="SpriteEntity.h">
      <Filter>header\Class</Filter>
    </ClInclude>
    <ClInclude Include="ExplosiveBrick.h">
      <Filter>header\Class\Bricks</Filter>
    </ClInclude>
    <ClInclude Include="ParticleEmitter.h" />
    <ClInclude Include="Particle.h" />
    <ClInclude Include="ParticleSimple.h" />
    <ClInclude Include="ParticleComplex.h" />
    <ClInclude Include="NomMarrantTableauUneDimension.h" />
    <ClInclude Include="GameManager.h" />
    <ClInclude Include="SoundManager.h" />
    <ClInclude Include="ScorePanel.h" />
    <ClInclude Include="UIManager.h" />
    <ClInclude Include="RessourceManager.h" />
    <ClInclude Include="BrickABall.h" />
  </ItemGroup>
</Project>